
Microsoft Visual Studio Solution File, Format Version 12.00
# Visual Studio 15
VisualStudioVersion = 15.0.27428.2015
MinimumVisualStudioVersion = 10.0.40219.1
Project("{FAE04EC0-301F-11D3-BF4B-00C04F79EFBC}") = "m040102", "m040102\m040102.csproj", "{53ACDEF5-D778-4EF5-84C7-309690D31C65}"
EndProject
Project("{FAE04EC0-301F-11D3-BF4B-00C04F79EFBC}") = "m040102.Configuration", "m040102.Configuration\m040102.Configuration.csproj", "{600A03A0-2C84-4B73-82D5-2380FB513F71}"
EndProject
Project("{FAE04EC0-301F-11D3-BF4B-00C04F79EFBC}") = "m040102.FileSystem", "m040102.FileSystem\m040102.FileSystem.csproj", "{FEE03AC2-5DF8-4310-AAC1-B2DF5236A4B6}"
EndProject
Project("{FAE04EC0-301F-11D3-BF4B-00C04F79EFBC}") = "m040102.Logging", "m040102.Logging\m040102.Logging.csproj", "{023177F4-D90B-451D-B492-5DD2B3CC07F3}"
EndProject
Global
	GlobalSection(SolutionConfigurationPlatforms) = preSolution
		Debug|Any CPU = Debug|Any CPU
		Release|Any CPU = Release|Any CPU
	EndGlobalSection
	GlobalSection(ProjectConfigurationPlatforms) = postSolution
		{53ACDEF5-D778-4EF5-84C7-309690D31C65}.Debug|Any CPU.ActiveCfg = Debug|Any CPU
		{53ACDEF5-D778-4EF5-84C7-309690D31C65}.Debug|Any CPU.Build.0 = Debug|Any CPU
		{53ACDEF5-D778-4EF5-84C7-309690D31C65}.Release|Any CPU.ActiveCfg = Release|Any CPU
		{53ACDEF5-D778-4EF5-84C7-309690D31C65}.Release|Any CPU.Build.0 = Release|Any CPU
		{600A03A0-2C84-4B73-82D5-2380FB513F71}.Debug|Any CPU.ActiveCfg = Debug|Any CPU
		{600A03A0-2C84-4B73-82D5-2380FB513F71}.Debug|Any CPU.Build.0 = Debug|Any CPU
		{600A03A0-2C84-4B73-82D5-2380FB513F71}.Release|Any CPU.ActiveCfg = Release|Any CPU
		{600A03A0-2C84-4B73-82D5-2380FB513F71}.Release|Any CPU.Build.0 = Release|Any CPU
		{FEE03AC2-5DF8-4310-AAC1-B2DF5236A4B6}.Debug|Any CPU.ActiveCfg = Debug|Any CPU
		{FEE03AC2-5DF8-4310-AAC1-B2DF5236A4B6}.Debug|Any CPU.Build.0 = Debug|Any CPU
		{FEE03AC2-5DF8-4310-AAC1-B2DF5236A4B6}.Release|Any CPU.ActiveCfg = Release|Any CPU
		{FEE03AC2-5DF8-4310-AAC1-B2DF5236A4B6}.Release|Any CPU.Build.0 = Release|Any CPU
		{023177F4-D90B-451D-B492-5DD2B3CC07F3}.Debug|Any CPU.ActiveCfg = Debug|Any CPU
		{023177F4-D90B-451D-B492-5DD2B3CC07F3}.Debug|Any CPU.Build.0 = Debug|Any CPU
		{023177F4-D90B-451D-B492-5DD2B3CC07F3}.Release|Any CPU.ActiveCfg = Release|Any CPU
		{023177F4-D90B-451D-B492-5DD2B3CC07F3}.Release|Any CPU.Build.0 = Release|Any CPU
	EndGlobalSection
	GlobalSection(SolutionProperties) = preSolution
		HideSolutionNode = FALSE
	EndGlobalSection
	GlobalSection(ExtensibilityGlobals) = postSolution
		SolutionGuid = {3BB1AB38-6F03-4CC0-A465-5C78DA1F04B2}
	EndGlobalSection
EndGlobal
